
Microsoft Visual Studio Solution File, Format Version 12.00
# Visual Studio 2012
Project("{FAE04EC0-301F-11D3-BF4B-00C04F79EFBC}") = "Stanowisko.GUI", "Stanowisko.GUI\Stanowisko.GUI.csproj", "{8403D196-780C-4863-B0A2-557DBB51AF00}"
EndProject
Project("{FAE04EC0-301F-11D3-BF4B-00C04F79EFBC}") = "Symulator", "Symulator\Symulator.csproj", "{00AA9AAD-CD50-4F45-9D73-8CBC41D2F5DD}"
EndProject
Project("{FAE04EC0-301F-11D3-BF4B-00C04F79EFBC}") = "SharedClasses", "SharedClasses\SharedClasses.csproj", "{A0CC950A-D0A7-4912-8396-5EF6CD7F8B35}"
EndProject
Project("{FAE04EC0-301F-11D3-BF4B-00C04F79EFBC}") = "UnitTestProject1", "UnitTestProject1\UnitTestProject1.csproj", "{C062EE8F-F23E-4EA0-82C2-7F67AB00EE11}"
EndProject
Global
	GlobalSection(SubversionScc) = preSolution
		Svn-Managed = True
		Manager = AnkhSVN - Subversion Support for Visual Studio
	EndGlobalSection
	GlobalSection(SolutionConfigurationPlatforms) = preSolution
		Debug|Any CPU = Debug|Any CPU
		Release|Any CPU = Release|Any CPU
	EndGlobalSection
	GlobalSection(ProjectConfigurationPlatforms) = postSolution
		{8403D196-780C-4863-B0A2-557DBB51AF00}.Debug|Any CPU.ActiveCfg = Debug|Any CPU
		{8403D196-780C-4863-B0A2-557DBB51AF00}.Debug|Any CPU.Build.0 = Debug|Any CPU
		{8403D196-780C-4863-B0A2-557DBB51AF00}.Release|Any CPU.ActiveCfg = Release|Any CPU
		{8403D196-780C-4863-B0A2-557DBB51AF00}.Release|Any CPU.Build.0 = Release|Any CPU
		{00AA9AAD-CD50-4F45-9D73-8CBC41D2F5DD}.Debug|Any CPU.ActiveCfg = Debug|Any CPU
		{00AA9AAD-CD50-4F45-9D73-8CBC41D2F5DD}.Debug|Any CPU.Build.0 = Debug|Any CPU
		{00AA9AAD-CD50-4F45-9D73-8CBC41D2F5DD}.Release|Any CPU.ActiveCfg = Release|Any CPU
		{00AA9AAD-CD50-4F45-9D73-8CBC41D2F5DD}.Release|Any CPU.Build.0 = Release|Any CPU
		{A0CC950A-D0A7-4912-8396-5EF6CD7F8B35}.Debug|Any CPU.ActiveCfg = Debug|Any CPU
		{A0CC950A-D0A7-4912-8396-5EF6CD7F8B35}.Debug|Any CPU.Build.0 = Debug|Any CPU
		{A0CC950A-D0A7-4912-8396-5EF6CD7F8B35}.Release|Any CPU.ActiveCfg = Release|Any CPU
		{A0CC950A-D0A7-4912-8396-5EF6CD7F8B35}.Release|Any CPU.Build.0 = Release|Any CPU
		{C062EE8F-F23E-4EA0-82C2-7F67AB00EE11}.Debug|Any CPU.ActiveCfg = Debug|Any CPU
		{C062EE8F-F23E-4EA0-82C2-7F67AB00EE11}.Debug|Any CPU.Build.0 = Debug|Any CPU
		{C062EE8F-F23E-4EA0-82C2-7F67AB00EE11}.Release|Any CPU.ActiveCfg = Release|Any CPU
		{C062EE8F-F23E-4EA0-82C2-7F67AB00EE11}.Release|Any CPU.Build.0 = Release|Any CPU
	EndGlobalSection
	GlobalSection(SolutionProperties) = preSolution
		HideSolutionNode = FALSE
	EndGlobalSection
EndGlobal
